// !$*UTF8*$!
{
	archiveVersion = 1;
	classes = {
	};
	objectVersion = 46;
	objects = {

/* Begin PBXBuildFile section */
		F4EC8BB01C57D497000F3D9F /* main.m in Sources */ = {isa = PBXBuildFile; fileRef = F4EC8BAF1C57D497000F3D9F /* main.m */; };
		F4EC8BB31C57D497000F3D9F /* AppDelegate.m in Sources */ = {isa = PBXBuildFile; fileRef = F4EC8BB21C57D497000F3D9F /* AppDelegate.m */; };
		F4EC8BB61C57D497000F3D9F /* ViewController.m in Sources */ = {isa = PBXBuildFile; fileRef = F4EC8BB51C57D497000F3D9F /* ViewController.m */; };
		F4EC8BB91C57D497000F3D9F /* Main.storyboard in Resources */ = {isa = PBXBuildFile; fileRef = F4EC8BB71C57D497000F3D9F /* Main.storyboard */; };
		F4EC8BBB1C57D498000F3D9F /* Images.xcassets in Resources */ = {isa = PBXBuildFile; fileRef = F4EC8BBA1C57D498000F3D9F /* Images.xcassets */; };
		F4EC8BBE1C57D498000F3D9F /* LaunchScreen.xib in Resources */ = {isa = PBXBuildFile; fileRef = F4EC8BBC1C57D498000F3D9F /* LaunchScreen.xib */; };
		F4EC8BCA1C57D498000F3D9F /* ViewExampleTests.m in Sources */ = {isa = PBXBuildFile; fileRef = F4EC8BC91C57D498000F3D9F /* ViewExampleTests.m */; };
/* End PBXBuildFile section */

/* Begin PBXContainerItemProxy section */
		F4EC8BC41C57D498000F3D9F /* PBXContainerItemProxy */ = {
			isa = PBXContainerItemProxy;
			containerPortal = F4EC8BA21C57D497000F3D9F /* Project object */;
			proxyType = 1;
			remoteGlobalIDString = F4EC8BA91C57D497000F3D9F;
			remoteInfo = ViewExample;
		};
/* End PBXContainerItemProxy section */

/* Begin PBXFileReference section */
		F45F036D1C59233D003ADE67 /* Constant.h */ = {isa = PBXFileReference; lastKnownFileType = sourcecode.c.h; path = Constant.h; sourceTree = "<group>"; };
		F4EC8BAA1C57D497000F3D9F /* ViewExample.app */ = {isa = PBXFileReference; explicitFileType = wrapper.application; includeInIndex = 0; path = ViewExample.app; sourceTree = BUILT_PRODUCTS_DIR; };
		F4EC8BAE1C57D497000F3D9F /* Info.plist */ = {isa = PBXFileReference; lastKnownFileType = text.plist.xml; path = Info.plist; sourceTree = "<group>"; };
		F4EC8BAF1C57D497000F3D9F /* main.m */ = {isa = PBXFileReference; lastKnownFileType = sourcecode.c.objc; path = main.m; sourceTree = "<group>"; };
		F4EC8BB11C57D497000F3D9F /* AppDelegate.h */ = {isa = PBXFileReference; lastKnownFileType = sourcecode.c.h; path = AppDelegate.h; sourceTree = "<group>"; };
		F4EC8BB21C57D497000F3D9F /* AppDelegate.m */ = {isa = PBXFileReference; lastKnownFileType = sourcecode.c.objc; path = AppDelegate.m; sourceTree = "<group>"; };
		F4EC8BB41C57D497000F3D9F /* ViewController.h */ = {isa = PBXFileReference; lastKnownFileType = sourcecode.c.h; path = ViewController.h; sourceTree = "<group>"; };
		F4EC8BB51C57D497000F3D9F /* ViewController.m */ = {isa = PBXFileReference; lastKnownFileType = sourcecode.c.objc; path = ViewController.m; sourceTree = "<group>"; };
		F4EC8BB81C57D497000F3D9F /* Base */ = {isa = PBXFileReference; lastKnownFileType = file.storyboard; name = Base; path = Base.lproj/Main.storyboard; sourceTree = "<group>"; };
		F4EC8BBA1C57D498000F3D9F /* Images.xcassets */ = {isa = PBXFileReference; lastKnownFileType = folder.assetcatalog; path = Images.xcassets; sourceTree = "<group>"; };
		F4EC8BBD1C57D498000F3D9F /* Base */ = {isa = PBXFileReference; lastKnownFileType = file.xib; name = Base; path = Base.lproj/LaunchScreen.xib; sourceTree = "<group>"; };
		F4EC8BC31C57D498000F3D9F /* ViewExampleTests.xctest */ = {isa = PBXFileReference; explicitFileType = wrapper.cfbundle; includeInIndex = 0; path = ViewExampleTests.xctest; sourceTree = BUILT_PRODUCTS_DIR; };
		F4EC8BC81C57D498000F3D9F /* Info.plist */ = {isa = PBXFileReference; lastKnownFileType = text.plist.xml; path = Info.plist; sourceTree = "<group>"; };
		F4EC8BC91C57D498000F3D9F /* ViewExampleTests.m */ = {isa = PBXFileReference; lastKnownFileType = sourcecode.c.objc; path = ViewExampleTests.m; sourceTree = "<group>"; };
/* End PBXFileReference section */

/* Begin PBXFrameworksBuildPhase section */
		F4EC8BA71C57D497000F3D9F /* Frameworks */ = {
			isa = PBXFrameworksBuildPhase;
			buildActionMask = 2147483647;
			files = (
			);
			runOnlyForDeploymentPostprocessing = 0;
		};
		F4EC8BC01C57D498000F3D9F /* Frameworks */ = {
			isa = PBXFrameworksBuildPhase;
			buildActionMask = 2147483647;
			files = (
			);
			runOnlyForDeploymentPostprocessing = 0;
		};
/* End PBXFrameworksBuildPhase section */

/* Begin PBXGroup section */
		F4EC8BA11C57D497000F3D9F = {
			isa = PBXGroup;
			children = (
				F4EC8BAC1C57D497000F3D9F /* ViewExample */,
				F4EC8BC61C57D498000F3D9F /* ViewExampleTests */,
				F4EC8BAB1C57D497000F3D9F /* Products */,
			);
			sourceTree = "<group>";
		};
		F4EC8BAB1C57D497000F3D9F /* Products */ = {
			isa = PBXGroup;
			children = (
				F4EC8BAA1C57D497000F3D9F /* ViewExample.app */,
				F4EC8BC31C57D498000F3D9F /* ViewExampleTests.xctest */,
			);
			name = Products;
			sourceTree = "<group>";
		};
		F4EC8BAC1C57D497000F3D9F /* ViewExample */ = {
			isa = PBXGroup;
			children = (
				F4EC8BB11C57D497000F3D9F /* AppDelegate.h */,
				F4EC8BB21C57D497000F3D9F /* AppDelegate.m */,
				F4EC8BB41C57D497000F3D9F /* ViewController.h */,
				F4EC8BB51C57D497000F3D9F /* ViewController.m */,
				F4EC8BB71C57D497000F3D9F /* Main.storyboard */,
				F45F036D1C59233D003ADE67 /* Constant.h */,
				F4EC8BBA1C57D498000F3D9F /* Images.xcassets */,
				F4EC8BBC1C57D498000F3D9F /* LaunchScreen.xib */,
				F4EC8BAD1C57D497000F3D9F /* Supporting Files */,
			);
			path = ViewExample;
			sourceTree = "<group>";
		};
		F4EC8BAD1C57D497000F3D9F /* Supporting Files */ = {
			isa = PBXGroup;
			children = (
				F4EC8BAE1C57D497000F3D9F /* Info.plist */,
				F4EC8BAF1C57D497000F3D9F /* main.m */,
			);
			name = "Supporting Files";
			sourceTree = "<group>";
		};
		F4EC8BC61C57D498000F3D9F /* ViewExampleTests */ = {
			isa = PBXGroup;
			children = (
				F4EC8BC91C57D498000F3D9F /* ViewExampleTests.m */,
				F4EC8BC71C57D498000F3D9F /* Supporting Files */,
			);
			path = ViewExampleTests;
			sourceTree = "<group>";
		};
		F4EC8BC71C57D498000F3D9F /* Supporting Files */ = {
			isa = PBXGroup;
			children = (
				F4EC8BC81C57D498000F3D9F /* Info.plist */,
			);
			name = "Supporting Files";
			sourceTree = "<group>";
		};
/* End PBXGroup section */

/* Begin PBXNativeTarget section */
		F4EC8BA91C57D497000F3D9F /* ViewExample */ = {
			isa = PBXNativeTarget;
			buildConfigurationList = F4EC8BCD1C57D498000F3D9F /* Build configuration list for PBXNativeTarget "ViewExample" */;
			buildPhases = (
				F4EC8BA61C57D497000F3D9F /* Sources */,
				F4EC8BA71C57D497000F3D9F /* Frameworks */,
				F4EC8BA81C57D497000F3D9F /* Resources */,
			);
			buildRules = (
			);
			dependencies = (
			);
			name = ViewExample;
			productName = ViewExample;
			productReference = F4EC8BAA1C57D497000F3D9F /* ViewExample.app */;
			productType = "com.apple.product-type.application";
		};
		F4EC8BC21C57D498000F3D9F /* ViewExampleTests */ = {
			isa = PBXNativeTarget;
			buildConfigurationList = F4EC8BD01C57D498000F3D9F /* Build configuration list for PBXNativeTarget "ViewExampleTests" */;
			buildPhases = (
				F4EC8BBF1C57D498000F3D9F /* Sources */,
				F4EC8BC01C57D498000F3D9F /* Frameworks */,
				F4EC8BC11C57D498000F3D9F /* Resources */,
			);
			buildRules = (
			);
			dependencies = (
				F4EC8BC51C57D498000F3D9F /* PBXTargetDependency */,
			);
			name = ViewExampleTests;
			productName = ViewExampleTests;
			productReference = F4EC8BC31C57D498000F3D9F /* ViewExampleTests.xctest */;
			productType = "com.apple.product-type.bundle.unit-test";
		};
/* End PBXNativeTarget section */

/* Begin PBXProject section */
		F4EC8BA21C57D497000F3D9F /* Project object */ = {
			isa = PBXProject;
			attributes = {
				LastUpgradeCheck = 0640;
				ORGANIZATIONNAME = ppam;
				TargetAttributes = {
					F4EC8BA91C57D497000F3D9F = {
						CreatedOnToolsVersion = 6.4;
					};
					F4EC8BC21C57D498000F3D9F = {
						CreatedOnToolsVersion = 6.4;
						TestTargetID = F4EC8BA91C57D497000F3D9F;
					};
				};
			};
			buildConfigurationList = F4EC8BA51C57D497000F3D9F /* Build configuration list for PBXProject "ViewExample" */;
			compatibilityVersion = "Xcode 3.2";
			developmentRegion = English;
			hasScannedForEncodings = 0;
			knownRegions = (
				en,
				Base,
			);
			mainGroup = F4EC8BA11C57D497000F3D9F;
			productRefGroup = F4EC8BAB1C57D497000F3D9F /* Products */;
			projectDirPath = "";
			projectRoot = "";
			targets = (
				F4EC8BA91C57D497000F3D9F /* ViewExample */,
				F4EC8BC21C57D498000F3D9F /* ViewExampleTests */,
			);
		};
/* End PBXProject section */

/* Begin PBXResourcesBuildPhase section */
		F4EC8BA81C57D497000F3D9F /* Resources */ = {
			isa = PBXResourcesBuildPhase;
			buildActionMask = 2147483647;
			files = (
				F4EC8BB91C57D497000F3D9F /* Main.storyboard in Resources */,
				F4EC8BBE1C57D498000F3D9F /* LaunchScreen.xib in Resources */,
				F4EC8BBB1C57D498000F3D9F /* Images.xcassets in Resources */,
			);
			runOnlyForDeploymentPostprocessing = 0;
		};
		F4EC8BC11C57D498000F3D9F /* Resources */ = {
			isa = PBXResourcesBuildPhase;
			buildActionMask = 2147483647;
			files = (
			);
			runOnlyForDeploymentPostprocessing = 0;
		};
/* End PBXResourcesBuildPhase section */

/* Begin PBXSourcesBuildPhase section */
		F4EC8BA61C57D497000F3D9F /* Sources */ = {
			isa = PBXSourcesBuildPhase;
			buildActionMask = 2147483647;
			files = (
				F4EC8BB61C57D497000F3D9F /* ViewController.m in Sources */,
				F4EC8BB31C57D497000F3D9F /* AppDelegate.m in Sources */,
				F4EC8BB01C57D497000F3D9F /* main.m in Sources */,
			);
			runOnlyForDeploymentPostprocessing = 0;
		};
		F4EC8BBF1C57D498000F3D9F /* Sources */ = {
			isa = PBXSourcesBuildPhase;
			buildActionMask = 2147483647;
			files = (
				F4EC8BCA1C57D498000F3D9F /* ViewExampleTests.m in Sources */,
			);
			runOnlyForDeploymentPostprocessing = 0;
		};
/* End PBXSourcesBuildPhase section */

/* Begin PBXTargetDependency section */
		F4EC8BC51C57D498000F3D9F /* PBXTargetDependency */ = {
			isa = PBXTargetDependency;
			target = F4EC8BA91C57D497000F3D9F /* ViewExample */;
			targetProxy = F4EC8BC41C57D498000F3D9F /* PBXContainerItemProxy */;
		};
/* End PBXTargetDependency section */

/* Begin PBXVariantGroup section */
		F4EC8BB71C57D497000F3D9F /* Main.storyboard */ = {
			isa = PBXVariantGroup;
			children = (
				F4EC8BB81C57D497000F3D9F /* Base */,
			);
			name = Main.storyboard;
			sourceTree = "<group>";
		};
		F4EC8BBC1C57D498000F3D9F /* LaunchScreen.xib */ = {
			isa = PBXVariantGroup;
			children = (
				F4EC8BBD1C57D498000F3D9F /* Base */,
			);
			name = LaunchScreen.xib;
			sourceTree = "<group>";
		};
/* End PBXVariantGroup section */

/* Begin XCBuildConfiguration section */
		F4EC8BCB1C57D498000F3D9F /* Debug */ = {
			isa = XCBuildConfiguration;
			buildSettings = {
				ALWAYS_SEARCH_USER_PATHS = NO;
				CLANG_CXX_LANGUAGE_STANDARD = "gnu++0x";
				CLANG_CXX_LIBRARY = "libc++";
				CLANG_ENABLE_MODULES = YES;
				CLANG_ENABLE_OBJC_ARC = YES;
				CLANG_WARN_BOOL_CONVERSION = YES;
				CLANG_WARN_CONSTANT_CONVERSION = YES;
				CLANG_WARN_DIRECT_OBJC_ISA_USAGE = YES_ERROR;
				CLANG_WARN_EMPTY_BODY = YES;
				CLANG_WARN_ENUM_CONVERSION = YES;
				CLANG_WARN_INT_CONVERSION = YES;
				CLANG_WARN_OBJC_ROOT_CLASS = YES_ERROR;
				CLANG_WARN_UNREACHABLE_CODE = YES;
				CLANG_WARN__DUPLICATE_METHOD_MATCH = YES;
				"CODE_SIGN_IDENTITY[sdk=iphoneos*]" = "iPhone Developer";
				COPY_PHASE_STRIP = NO;
				DEBUG_INFORMATION_FORMAT = "dwarf-with-dsym";
				ENABLE_STRICT_OBJC_MSGSEND = YES;
				GCC_C_LANGUAGE_STANDARD = gnu99;
				GCC_DYNAMIC_NO_PIC = NO;
				GCC_NO_COMMON_BLOCKS = YES;
				GCC_OPTIMIZATION_LEVEL = 0;
				GCC_PREPROCESSOR_DEFINITIONS = (
					"DEBUG=1",
					"$(inherited)",
				);
				GCC_SYMBOLS_PRIVATE_EXTERN = NO;
				GCC_WARN_64_TO_32_BIT_CONVERSION = YES;
				GCC_WARN_ABOUT_RETURN_TYPE = YES_ERROR;
				GCC_WARN_UNDECLARED_SELECTOR = YES;
				GCC_WARN_UNINITIALIZED_AUTOS = YES_AGGRESSIVE;
				GCC_WARN_UNUSED_FUNCTION = YES;
				GCC_WARN_UNUSED_VARIABLE = YES;
				IPHONEOS_DEPLOYMENT_TARGET = 8.4;
				MTL_ENABLE_DEBUG_INFO = YES;
				ONLY_ACTIVE_ARCH = YES;
				SDKROOT = iphoneos;
			};
			name = Debug;
		};
		F4EC8BCC1C57D498000F3D9F /* Release */ = {
			isa = XCBuildConfiguration;
			buildSettings = {
				ALWAYS_SEARCH_USER_PATHS = NO;
				CLANG_CXX_LANGUAGE_STANDARD = "gnu++0x";
				CLANG_CXX_LIBRARY = "libc++";
				CLANG_ENABLE_MODULES = YES;
				CLANG_ENABLE_OBJC_ARC = YES;
				CLANG_WARN_BOOL_CONVERSION = YES;
				CLANG_WARN_CONSTANT_CONVERSION = YES;
				CLANG_WARN_DIRECT_OBJC_ISA_USAGE = YES_ERROR;
				CLANG_WARN_EMPTY_BODY = YES;
				CLANG_WARN_ENUM_CONVERSION = YES;
				CLANG_WARN_INT_CONVERSION = YES;
				CLANG_WARN_OBJC_ROOT_CLASS = YES_ERROR;
				CLANG_WARN_UNREACHABLE_CODE = YES;
				CLANG_WARN__DUPLICATE_METHOD_MATCH = YES;
				"CODE_SIGN_IDENTITY[sdk=iphoneos*]" = "iPhone Developer";
				COPY_PHASE_STRIP = NO;
				DEBUG_INFORMATION_FORMAT = "dwarf-with-dsym";
				ENABLE_NS_ASSERTIONS = NO;
				ENABLE_STRICT_OBJC_MSGSEND = YES;
				GCC_C_LANGUAGE_STANDARD = gnu99;
				GCC_NO_COMMON_BLOCKS = YES;
				GCC_WARN_64_TO_32_BIT_CONVERSION = YES;
				GCC_WARN_ABOUT_RETURN_TYPE = YES_ERROR;
				GCC_WARN_UNDECLARED_SELECTOR = YES;
				GCC_WARN_UNINITIALIZED_AUTOS = YES_AGGRESSIVE;
				GCC_WARN_UNUSED_FUNCTION = YES;
				GCC_WARN_UNUSED_VARIABLE = YES;
				IPHONEOS_DEPLOYMENT_TARGET = 8.4;
				MTL_ENABLE_DEBUG_INFO = NO;
				SDKROOT = iphoneos;
				VALIDATE_PRODUCT = YES;
			};
			name = Release;
		};
		F4EC8BCE1C57D498000F3D9F /* Debug */ = {
			isa = XCBuildConfiguration;
			buildSettings = {
				ASSETCATALOG_COMPILER_APPICON_NAME = AppIcon;
				INFOPLIST_FILE = ViewExample/Info.plist;
				LD_RUNPATH_SEARCH_PATHS = "$(inherited) @executable_path/Frameworks";
				PRODUCT_NAME = "$(TARGET_NAME)";
			};
			name = Debug;
		};
		F4EC8BCF1C57D498000F3D9F /* Release */ = {
			isa = XCBuildConfiguration;
			buildSettings = {
				ASSETCATALOG_COMPILER_APPICON_NAME = AppIcon;
				INFOPLIST_FILE = ViewExample/Info.plist;
				LD_RUNPATH_SEARCH_PATHS = "$(inherited) @executable_path/Frameworks";
				PRODUCT_NAME = "$(TARGET_NAME)";
			};
			name = Release;
		};
		F4EC8BD11C57D498000F3D9F /* Debug */ = {
			isa = XCBuildConfiguration;
			buildSettings = {
				BUNDLE_LOADER = "$(TEST_HOST)";
				FRAMEWORK_SEARCH_PATHS = (
					"$(SDKROOT)/Developer/Library/Frameworks",
					"$(inherited)",
				);
				GCC_PREPROCESSOR_DEFINITIONS = (
					"DEBUG=1",
					"$(inherited)",
				);
				INFOPLIST_FILE = ViewExampleTests/Info.plist;
				LD_RUNPATH_SEARCH_PATHS = "$(inherited) @executable_path/Frameworks @loader_path/Frameworks";
				PRODUCT_NAME = "$(TARGET_NAME)";
				TEST_HOST = "$(BUILT_PRODUCTS_DIR)/ViewExample.app/ViewExample";
			};
			name = Debug;
		};
		F4EC8BD21C57D498000F3D9F /* Release */ = {
			isa = XCBuildConfiguration;
			buildSettings = {
				BUNDLE_LOADER = "$(TEST_HOST)";
				FRAMEWORK_SEARCH_PATHS = (
					"$(SDKROOT)/Developer/Library/Frameworks",
					"$(inherited)",
				);
				INFOPLIST_FILE = ViewExampleTests/Info.plist;
				LD_RUNPATH_SEARCH_PATHS = "$(inherited) @executable_path/Frameworks @loader_path/Frameworks";
				PRODUCT_NAME = "$(TARGET_NAME)";
				TEST_HOST = "$(BUILT_PRODUCTS_DIR)/ViewExample.app/ViewExample";
			};
			name = Release;
		};
/* End XCBuildConfiguration section */

/* Begin XCConfigurationList section */
		F4EC8BA51C57D497000F3D9F /* Build configuration list for PBXProject "ViewExample" */ = {
			isa = XCConfigurationList;
			buildConfigurations = (
				F4EC8BCB1C57D498000F3D9F /* Debug */,
				F4EC8BCC1C57D498000F3D9F /* Release */,
			);
			defaultConfigurationIsVisible = 0;
			defaultConfigurationName = Release;
		};
		F4EC8BCD1C57D498000F3D9F /* Build configuration list for PBXNativeTarget "ViewExample" */ = {
			isa = XCConfigurationList;
			buildConfigurations = (
				F4EC8BCE1C57D498000F3D9F /* Debug */,
				F4EC8BCF1C57D498000F3D9F /* Release */,
			);
			defaultConfigurationIsVisible = 0;
			defaultConfigurationName = Release;
		};
		F4EC8BD01C57D498000F3D9F /* Build configuration list for PBXNativeTarget "ViewExampleTests" */ = {
			isa = XCConfigurationList;
			buildConfigurations = (
				F4EC8BD11C57D498000F3D9F /* Debug */,
				F4EC8BD21C57D498000F3D9F /* Release */,
			);
			defaultConfigurationIsVisible = 0;
			defaultConfigurationName = Release;
		};
/* End XCConfigurationList section */
	};
	rootObject = F4EC8BA21C57D497000F3D9F /* Project object */;
}
